
Microsoft Visual Studio Solution File, Format Version 12.00
# Visual Studio Version 17
VisualStudioVersion = 17.4.33110.190
MinimumVisualStudioVersion = 10.0.40219.1
Project("{FAE04EC0-301F-11D3-BF4B-00C04F79EFBC}") = "BlazorApp2", "BlazorApp2\BlazorApp2.csproj", "{128BB680-FD95-49A8-A925-0E0EA95E24BD}"
EndProject
Global
	GlobalSection(SolutionConfigurationPlatforms) = preSolution
		Debug|Any CPU = Debug|Any CPU
		Release|Any CPU = Release|Any CPU
	EndGlobalSection
	GlobalSection(ProjectConfigurationPlatforms) = postSolution
		{128BB680-FD95-49A8-A925-0E0EA95E24BD}.Debug|Any CPU.ActiveCfg = Debug|Any CPU
		{128BB680-FD95-49A8-A925-0E0EA95E24BD}.Debug|Any CPU.Build.0 = Debug|Any CPU
		{128BB680-FD95-49A8-A925-0E0EA95E24BD}.Release|Any CPU.ActiveCfg = Release|Any CPU
		{128BB680-FD95-49A8-A925-0E0EA95E24BD}.Release|Any CPU.Build.0 = Release|Any CPU
	EndGlobalSection
	GlobalSection(SolutionProperties) = preSolution
		HideSolutionNode = FALSE
	EndGlobalSection
	GlobalSection(ExtensibilityGlobals) = postSolution
		SolutionGuid = {A437D64E-6695-488C-9C3D-57EDA3A1668F}
	EndGlobalSection
EndGlobal
